<?xml version="1.0" encoding="utf-8"?>
<Project ToolsVersion="4.0" xmlns="http://schemas.microsoft.com/developer/msbuild/2003">
  <ItemGroup>
    <Filter Include="Main">
      <UniqueIdentifier>{1e4466d2-dfc5-4845-86e5-f9c90bd61648}</UniqueIdentifier>
    </Filter>
    <Filter Include="Main\MainGame">
      <UniqueIdentifier>{c0f2a056-b0d6-4328-8a38-124b775784e4}</UniqueIdentifier>
    </Filter>
    <Filter Include="Main\MainGame\TitleScene">
      <UniqueIdentifier>{a95d5119-d669-46f8-bed6-e2b0c1af6009}</UniqueIdentifier>
    </Filter>
    <Filter Include="Main\MainGame\GameScene">
      <UniqueIdentifier>{c4be06b9-017a-41f4-8a4e-34cee148b064}</UniqueIdentifier>
    </Filter>
    <Filter Include="Main\MainGame\ResultScene">
      <UniqueIdentifier>{95ce81b5-c464-48f9-ad68-9ad3d4486757}</UniqueIdentifier>
    </Filter>
    <Filter Include="Main\MainGame\SceneFactory">
      <UniqueIdentifier>{1cf2f87a-9da4-4599-9603-350b5d67ba9a}</UniqueIdentifier>
    </Filter>
    <Filter Include="Main\MainGame\SceneDeletor">
      <UniqueIdentifier>{3b178c38-57ad-402b-89f5-fef51d2834bc}</UniqueIdentifier>
    </Filter>
    <Filter Include="Main\MainGame\DrawTask">
      <UniqueIdentifier>{b56fe71b-bd8a-423a-ab15-ef3bda7ef03f}</UniqueIdentifier>
    </Filter>
    <Filter Include="Main\MainGame\EventManager">
      <UniqueIdentifier>{dcb3adfa-58b6-4107-a277-f121f05ccea7}</UniqueIdentifier>
    </Filter>
    <Filter Include="Main\MainGame\DrawingResrcDataFile">
      <UniqueIdentifier>{352c8f0b-9cd9-437d-9ce0-3736087fc78e}</UniqueIdentifier>
    </Filter>
    <Filter Include="Main\MainGame\TitleScene\TitleBackground">
      <UniqueIdentifier>{1fec74fa-0820-4af3-9abe-29f8f514f191}</UniqueIdentifier>
    </Filter>
    <Filter Include="Main\MainGame\GameScene\Player">
      <UniqueIdentifier>{920df922-e100-4922-84fe-777cdd450d51}</UniqueIdentifier>
    </Filter>
  </ItemGroup>
  <ItemGroup>
    <ClCompile Include="Main.cpp">
      <Filter>Main</Filter>
    </ClCompile>
    <ClCompile Include="MainGame\paMainGame.cpp">
      <Filter>Main\MainGame</Filter>
    </ClCompile>
    <ClCompile Include="MainGame\TitleScene\paTitleScene.cpp">
      <Filter>Main\MainGame\TitleScene</Filter>
    </ClCompile>
    <ClCompile Include="MainGame\GameScene\paGameScene.cpp">
      <Filter>Main\MainGame\GameScene</Filter>
    </ClCompile>
    <ClCompile Include="MainGame\ResultScene\paResultScene.cpp">
      <Filter>Main\MainGame\ResultScene</Filter>
    </ClCompile>
    <ClCompile Include="MainGame\SceneDeletor\paSceneDeletor.cpp">
      <Filter>Main\MainGame\SceneDeletor</Filter>
    </ClCompile>
    <ClCompile Include="MainGame\SceneFactory\paSceneFactory.cpp">
      <Filter>Main\MainGame\SceneFactory</Filter>
    </ClCompile>
    <ClCompile Include="MainGame\DrawTask\paDrawTask.cpp">
      <Filter>Main\MainGame\DrawTask</Filter>
    </ClCompile>
    <ClCompile Include="MainGame\DrawTask\paDrawTaskManager.cpp">
      <Filter>Main\MainGame\DrawTask</Filter>
    </ClCompile>
    <ClCompile Include="MainGame\EventManager\paEventListener.cpp">
      <Filter>Main\MainGame\EventManager</Filter>
    </ClCompile>
    <ClCompile Include="MainGame\EventManager\paEventManager.cpp">
      <Filter>Main\MainGame\EventManager</Filter>
    </ClCompile>
    <ClCompile Include="MainGame\DrawingResrcDataFile\paDrawingResrcDataFile.cpp">
      <Filter>Main\MainGame\DrawingResrcDataFile</Filter>
    </ClCompile>
    <ClCompile Include="MainGame\TitleScene\TitleBackground\paTitleBackground.cpp">
      <Filter>Main\MainGame\TitleScene\TitleBackground</Filter>
    </ClCompile>
    <ClCompile Include="MainGame\TitleScene\TitleBackground\paTitleBackgroundAnime.cpp">
      <Filter>Main\MainGame\TitleScene\TitleBackground</Filter>
    </ClCompile>
    <ClCompile Include="MainGame\GameScene\Player\paPlayer.cpp">
      <Filter>Main\MainGame\GameScene\Player</Filter>
    </ClCompile>
    <ClCompile Include="MainGame\GameScene\Player\paPlayerAction.cpp">
      <Filter>Main\MainGame\GameScene\Player</Filter>
    </ClCompile>
    <ClCompile Include="MainGame\GameScene\Player\paPlayerShape.cpp">
      <Filter>Main\MainGame\GameScene\Player</Filter>
    </ClCompile>
  </ItemGroup>
  <ItemGroup>
    <ClInclude Include="MainGame\paMainGame.h">
      <Filter>Main\MainGame</Filter>
    </ClInclude>
    <ClInclude Include="MainGame\TitleScene\paTitleScene.h">
      <Filter>Main\MainGame\TitleScene</Filter>
    </ClInclude>
    <ClInclude Include="MainGame\GameScene\paGameScene.h">
      <Filter>Main\MainGame\GameScene</Filter>
    </ClInclude>
    <ClInclude Include="MainGame\ResultScene\paResultScene.h">
      <Filter>Main\MainGame\ResultScene</Filter>
    </ClInclude>
    <ClInclude Include="MainGame\SceneDeletor\paSceneDeletor.h">
      <Filter>Main\MainGame\SceneDeletor</Filter>
    </ClInclude>
    <ClInclude Include="MainGame\SceneFactory\paSceneFactory.h">
      <Filter>Main\MainGame\SceneFactory</Filter>
    </ClInclude>
    <ClInclude Include="MainGame\DrawTask\paDrawTask.h">
      <Filter>Main\MainGame\DrawTask</Filter>
    </ClInclude>
    <ClInclude Include="MainGame\DrawTask\paDrawTaskManager.h">
      <Filter>Main\MainGame\DrawTask</Filter>
    </ClInclude>
    <ClInclude Include="MainGame\EventManager\paEventListener.h">
      <Filter>Main\MainGame\EventManager</Filter>
    </ClInclude>
    <ClInclude Include="MainGame\EventManager\paEventManager.h">
      <Filter>Main\MainGame\EventManager</Filter>
    </ClInclude>
    <ClInclude Include="MainGame\paCustomizeInput.h">
      <Filter>Main\MainGame</Filter>
    </ClInclude>
    <ClInclude Include="MainGame\paObjDrawingData.h">
      <Filter>Main\MainGame</Filter>
    </ClInclude>
    <ClInclude Include="MainGame\DrawingResrcDataFile\paDrawingResrcDataFile.h">
      <Filter>Main\MainGame\DrawingResrcDataFile</Filter>
    </ClInclude>
    <ClInclude Include="MainGame\paIObjectBase.h">
      <Filter>Main\MainGame</Filter>
    </ClInclude>
    <ClInclude Include="MainGame\TitleScene\TitleBackground\paTitleBackground.h">
      <Filter>Main\MainGame\TitleScene\TitleBackground</Filter>
    </ClInclude>
    <ClInclude Include="MainGame\TitleScene\TitleBackground\paTitleBackgroundAnime.h">
      <Filter>Main\MainGame\TitleScene\TitleBackground</Filter>
    </ClInclude>
    <ClInclude Include="MainGame\GameScene\Player\paPlayer.h">
      <Filter>Main\MainGame\GameScene\Player</Filter>
    </ClInclude>
    <ClInclude Include="MainGame\GameScene\Player\paPlayerAction.h">
      <Filter>Main\MainGame\GameScene\Player</Filter>
    </ClInclude>
    <ClInclude Include="MainGame\GameScene\Player\paPlayerShape.h">
      <Filter>Main\MainGame\GameScene\Player</Filter>
    </ClInclude>
  </ItemGroup>
</Project>