<?xml version="1.0" encoding="utf-8"?>
<Project ToolsVersion="4.0" xmlns="http://schemas.microsoft.com/developer/msbuild/2003">
  <ItemGroup>
    <Filter Include="Main">
      <UniqueIdentifier>{1e4466d2-dfc5-4845-86e5-f9c90bd61648}</UniqueIdentifier>
    </Filter>
    <Filter Include="Main\MainGame">
      <UniqueIdentifier>{c0f2a056-b0d6-4328-8a38-124b775784e4}</UniqueIdentifier>
    </Filter>
    <Filter Include="Main\MainGame\TitleScene">
      <UniqueIdentifier>{a95d5119-d669-46f8-bed6-e2b0c1af6009}</UniqueIdentifier>
    </Filter>
    <Filter Include="Main\MainGame\GameScene">
      <UniqueIdentifier>{c4be06b9-017a-41f4-8a4e-34cee148b064}</UniqueIdentifier>
    </Filter>
    <Filter Include="Main\MainGame\ResultScene">
      <UniqueIdentifier>{95ce81b5-c464-48f9-ad68-9ad3d4486757}</UniqueIdentifier>
    </Filter>
    <Filter Include="Main\MainGame\SceneFactory">
      <UniqueIdentifier>{1cf2f87a-9da4-4599-9603-350b5d67ba9a}</UniqueIdentifier>
    </Filter>
    <Filter Include="Main\MainGame\SceneDeletor">
      <UniqueIdentifier>{3b178c38-57ad-402b-89f5-fef51d2834bc}</UniqueIdentifier>
    </Filter>
    <Filter Include="Main\MainGame\DrawTask">
      <UniqueIdentifier>{b56fe71b-bd8a-423a-ab15-ef3bda7ef03f}</UniqueIdentifier>
    </Filter>
    <Filter Include="Main\MainGame\EventManager">
      <UniqueIdentifier>{dcb3adfa-58b6-4107-a277-f121f05ccea7}</UniqueIdentifier>
    </Filter>
    <Filter Include="Main\MainGame\DrawingResrcDataFile">
      <UniqueIdentifier>{352c8f0b-9cd9-437d-9ce0-3736087fc78e}</UniqueIdentifier>
    </Filter>
    <Filter Include="Main\MainGame\TitleScene\TitleBackground">
      <UniqueIdentifier>{1fec74fa-0820-4af3-9abe-29f8f514f191}</UniqueIdentifier>
    </Filter>
    <Filter Include="Main\MainGame\GameScene\Player">
      <UniqueIdentifier>{920df922-e100-4922-84fe-777cdd450d51}</UniqueIdentifier>
    </Filter>
    <Filter Include="Main\MainGame\GameScene\Stage">
      <UniqueIdentifier>{1bef85e8-5464-4fcf-a5ac-9a6efd00a545}</UniqueIdentifier>
    </Filter>
    <Filter Include="Main\MainGame\GameScene\Stage\StageBackground">
      <UniqueIdentifier>{215cb494-05b3-46e3-9286-3c33e34dc60e}</UniqueIdentifier>
    </Filter>
    <Filter Include="Main\MainGame\GameScene\UI">
      <UniqueIdentifier>{b8291ec9-36a1-42b3-b4d9-4b1474501fa5}</UniqueIdentifier>
    </Filter>
    <Filter Include="Main\MainGame\GameScene\UI\EnergyGauge">
      <UniqueIdentifier>{9784cc3d-5ebf-4bca-a448-4cb8d1e8e437}</UniqueIdentifier>
    </Filter>
    <Filter Include="Main\MainGame\GameScene\UI\EnergyGauge\EnergyBlock">
      <UniqueIdentifier>{58af1f99-df4d-468b-9bab-081f854bef24}</UniqueIdentifier>
    </Filter>
    <Filter Include="Main\MainGame\GameScene\Stage\Fish">
      <UniqueIdentifier>{d2e4ad82-f177-4fd5-b307-f282c2ff298c}</UniqueIdentifier>
    </Filter>
    <Filter Include="Main\MainGame\GameScene\Stage\Fish\FishCreator">
      <UniqueIdentifier>{ff2d06c9-34f3-4583-936e-9caaab496d33}</UniqueIdentifier>
    </Filter>
    <Filter Include="Main\MainGame\GameScene\Stage\Fish\FIshShape">
      <UniqueIdentifier>{315d6360-02a3-423f-a43b-c513f32c01c6}</UniqueIdentifier>
    </Filter>
    <Filter Include="Main\MainGame\GameScene\Collider">
      <UniqueIdentifier>{cbbef116-b1e3-4c23-b3ef-0ea5623614e7}</UniqueIdentifier>
    </Filter>
    <Filter Include="Main\MainGame\GameScene\Stage\Fish\FishCollider">
      <UniqueIdentifier>{2b152a06-c7a7-460d-a41c-3cf1af09a86d}</UniqueIdentifier>
    </Filter>
    <Filter Include="Main\MainGame\GameScene\Stage\Fish\FishReaction">
      <UniqueIdentifier>{029abe18-f973-418d-b7e4-6f7e9e03f74b}</UniqueIdentifier>
    </Filter>
    <Filter Include="Main\MainGame\GameScene\Player\PlayerShape">
      <UniqueIdentifier>{39c6c8f0-5f08-4eab-973a-34d039213c1f}</UniqueIdentifier>
    </Filter>
    <Filter Include="Main\MainGame\GameScene\Stage\Fish\FishReaction\ReactionMark">
      <UniqueIdentifier>{401575e3-ddd4-4d31-98cd-be3cdad42de6}</UniqueIdentifier>
    </Filter>
    <Filter Include="Main\MainGame\GameScene\Stage\Fish\FishSpawnPoint">
      <UniqueIdentifier>{2cdde51b-ca89-423a-8983-3890e749de67}</UniqueIdentifier>
    </Filter>
    <Filter Include="Main\MainGame\GameScene\Player\PlayerAction">
      <UniqueIdentifier>{1b93913e-ae6e-49a0-bf44-5cbea9134fb2}</UniqueIdentifier>
    </Filter>
  </ItemGroup>
  <ItemGroup>
    <ClCompile Include="Main.cpp">
      <Filter>Main</Filter>
    </ClCompile>
    <ClCompile Include="MainGame\paMainGame.cpp">
      <Filter>Main\MainGame</Filter>
    </ClCompile>
    <ClCompile Include="MainGame\TitleScene\paTitleScene.cpp">
      <Filter>Main\MainGame\TitleScene</Filter>
    </ClCompile>
    <ClCompile Include="MainGame\GameScene\paGameScene.cpp">
      <Filter>Main\MainGame\GameScene</Filter>
    </ClCompile>
    <ClCompile Include="MainGame\ResultScene\paResultScene.cpp">
      <Filter>Main\MainGame\ResultScene</Filter>
    </ClCompile>
    <ClCompile Include="MainGame\SceneDeletor\paSceneDeletor.cpp">
      <Filter>Main\MainGame\SceneDeletor</Filter>
    </ClCompile>
    <ClCompile Include="MainGame\SceneFactory\paSceneFactory.cpp">
      <Filter>Main\MainGame\SceneFactory</Filter>
    </ClCompile>
    <ClCompile Include="MainGame\DrawTask\paDrawTask.cpp">
      <Filter>Main\MainGame\DrawTask</Filter>
    </ClCompile>
    <ClCompile Include="MainGame\DrawTask\paDrawTaskManager.cpp">
      <Filter>Main\MainGame\DrawTask</Filter>
    </ClCompile>
    <ClCompile Include="MainGame\EventManager\paEventListener.cpp">
      <Filter>Main\MainGame\EventManager</Filter>
    </ClCompile>
    <ClCompile Include="MainGame\EventManager\paEventManager.cpp">
      <Filter>Main\MainGame\EventManager</Filter>
    </ClCompile>
    <ClCompile Include="MainGame\DrawingResrcDataFile\paDrawingResrcDataFile.cpp">
      <Filter>Main\MainGame\DrawingResrcDataFile</Filter>
    </ClCompile>
    <ClCompile Include="MainGame\TitleScene\TitleBackground\paTitleBackground.cpp">
      <Filter>Main\MainGame\TitleScene\TitleBackground</Filter>
    </ClCompile>
    <ClCompile Include="MainGame\TitleScene\TitleBackground\paTitleBackgroundAnime.cpp">
      <Filter>Main\MainGame\TitleScene\TitleBackground</Filter>
    </ClCompile>
    <ClCompile Include="MainGame\GameScene\Player\paPlayer.cpp">
      <Filter>Main\MainGame\GameScene\Player</Filter>
    </ClCompile>
    <ClCompile Include="MainGame\GameScene\Stage\paBasePoint.cpp">
      <Filter>Main\MainGame\GameScene\Stage</Filter>
    </ClCompile>
    <ClCompile Include="MainGame\GameScene\Stage\paStage.cpp">
      <Filter>Main\MainGame\GameScene\Stage</Filter>
    </ClCompile>
    <ClCompile Include="MainGame\GameScene\Stage\paStageObjBase.cpp">
      <Filter>Main\MainGame\GameScene\Stage</Filter>
    </ClCompile>
    <ClCompile Include="MainGame\GameScene\Stage\StageBackground\paStageBackground.cpp">
      <Filter>Main\MainGame\GameScene\Stage\StageBackground</Filter>
    </ClCompile>
    <ClCompile Include="MainGame\GameScene\Stage\StageBackground\paStageBackgroundManager.cpp">
      <Filter>Main\MainGame\GameScene\Stage\StageBackground</Filter>
    </ClCompile>
    <ClCompile Include="MainGame\GameScene\UI\paUIManager.cpp">
      <Filter>Main\MainGame\GameScene\UI</Filter>
    </ClCompile>
    <ClCompile Include="MainGame\GameScene\UI\EnergyGauge\paEnergyGauge.cpp">
      <Filter>Main\MainGame\GameScene\UI\EnergyGauge</Filter>
    </ClCompile>
    <ClCompile Include="MainGame\GameScene\UI\EnergyGauge\paGaugeEffect.cpp">
      <Filter>Main\MainGame\GameScene\UI\EnergyGauge</Filter>
    </ClCompile>
    <ClCompile Include="MainGame\GameScene\UI\EnergyGauge\paGaugeFlame.cpp">
      <Filter>Main\MainGame\GameScene\UI\EnergyGauge</Filter>
    </ClCompile>
    <ClCompile Include="MainGame\GameScene\UI\EnergyGauge\paGaugeTimer.cpp">
      <Filter>Main\MainGame\GameScene\UI\EnergyGauge</Filter>
    </ClCompile>
    <ClCompile Include="MainGame\GameScene\UI\EnergyGauge\EnergyBlock\paEnergyBlock.cpp">
      <Filter>Main\MainGame\GameScene\UI\EnergyGauge\EnergyBlock</Filter>
    </ClCompile>
    <ClCompile Include="MainGame\GameScene\UI\EnergyGauge\EnergyBlock\paEnergyEmptyBlock.cpp">
      <Filter>Main\MainGame\GameScene\UI\EnergyGauge\EnergyBlock</Filter>
    </ClCompile>
    <ClCompile Include="MainGame\GameScene\Stage\Fish\FishCreator\psFishCreator.cpp">
      <Filter>Main\MainGame\GameScene\Stage\Fish\FishCreator</Filter>
    </ClCompile>
    <ClCompile Include="MainGame\GameScene\Stage\Fish\FishShape\paFishShape.cpp">
      <Filter>Main\MainGame\GameScene\Stage\Fish\FIshShape</Filter>
    </ClCompile>
    <ClCompile Include="MainGame\GameScene\Stage\Fish\paFish.cpp">
      <Filter>Main\MainGame\GameScene\Stage\Fish</Filter>
    </ClCompile>
    <ClCompile Include="MainGame\GameScene\Stage\Fish\paFishManager.cpp">
      <Filter>Main\MainGame\GameScene\Stage\Fish</Filter>
    </ClCompile>
    <ClCompile Include="MainGame\GameScene\Stage\Fish\FishCreator\paFishShapeCreator.cpp">
      <Filter>Main\MainGame\GameScene\Stage\Fish\FishCreator</Filter>
    </ClCompile>
    <ClCompile Include="MainGame\GameScene\Collider\paColliderBase.cpp">
      <Filter>Main\MainGame\GameScene\Collider</Filter>
    </ClCompile>
    <ClCompile Include="MainGame\GameScene\Collider\paColliderManager.cpp">
      <Filter>Main\MainGame\GameScene\Collider</Filter>
    </ClCompile>
    <ClCompile Include="MainGame\GameScene\Player\paPlayerCollider.cpp">
      <Filter>Main\MainGame\GameScene\Player</Filter>
    </ClCompile>
    <ClCompile Include="MainGame\GameScene\Stage\Fish\FishCollider\paFishCollider.cpp">
      <Filter>Main\MainGame\GameScene\Stage\Fish\FishCollider</Filter>
    </ClCompile>
    <ClCompile Include="MainGame\GameScene\Stage\Fish\FishReaction\paBalloon.cpp">
      <Filter>Main\MainGame\GameScene\Stage\Fish\FishReaction</Filter>
    </ClCompile>
    <ClCompile Include="MainGame\GameScene\Stage\Fish\FishReaction\paFishReaction.cpp">
      <Filter>Main\MainGame\GameScene\Stage\Fish\FishReaction</Filter>
    </ClCompile>
    <ClCompile Include="MainGame\GameScene\Player\PlayerShape\paPlayerShape.cpp">
      <Filter>Main\MainGame\GameScene\Player\PlayerShape</Filter>
    </ClCompile>
    <ClCompile Include="MainGame\GameScene\Player\PlayerShape\paPlayerFishShell.cpp">
      <Filter>Main\MainGame\GameScene\Player\PlayerShape</Filter>
    </ClCompile>
    <ClCompile Include="MainGame\GameScene\Player\PlayerShape\paPlayerOriginalShape.cpp">
      <Filter>Main\MainGame\GameScene\Player\PlayerShape</Filter>
    </ClCompile>
    <ClCompile Include="MainGame\GameScene\Player\PlayerShape\paPlayerFishShapeLine.cpp">
      <Filter>Main\MainGame\GameScene\Player\PlayerShape</Filter>
    </ClCompile>
    <ClCompile Include="MainGame\GameScene\Stage\Fish\FishReaction\ReactionMark\paReactionMark.cpp">
      <Filter>Main\MainGame\GameScene\Stage\Fish\FishReaction\ReactionMark</Filter>
    </ClCompile>
    <ClCompile Include="MainGame\GameScene\Stage\Fish\FishReaction\ReactionMark\paReactionMarkFactory.cpp">
      <Filter>Main\MainGame\GameScene\Stage\Fish\FishReaction\ReactionMark</Filter>
    </ClCompile>
    <ClCompile Include="MainGame\GameScene\Stage\Fish\FishReaction\ReactionMark\paReactionMarkManager.cpp">
      <Filter>Main\MainGame\GameScene\Stage\Fish\FishReaction\ReactionMark</Filter>
    </ClCompile>
    <ClCompile Include="MainGame\GameScene\Stage\Fish\FishSpawnPoint\paFishSpawnPoint.cpp">
      <Filter>Main\MainGame\GameScene\Stage\Fish\FishSpawnPoint</Filter>
    </ClCompile>
    <ClCompile Include="MainGame\GameScene\Player\PlayerAction\paPlayerAction.cpp">
      <Filter>Main\MainGame\GameScene\Player\PlayerAction</Filter>
    </ClCompile>
    <ClCompile Include="MainGame\GameScene\Player\PlayerAction\paPlayerFishAction.cpp">
      <Filter>Main\MainGame\GameScene\Player\PlayerAction</Filter>
    </ClCompile>
    <ClCompile Include="MainGame\GameScene\Player\PlayerAction\paPlayerOriginalAction.cpp">
      <Filter>Main\MainGame\GameScene\Player\PlayerAction</Filter>
    </ClCompile>
    <ClCompile Include="paPlayerActionImplBase.cpp" />
    <ClCompile Include="MainGame\GameScene\Player\PlayerAction\paPlayerActionImplBase.cpp">
      <Filter>Main\MainGame\GameScene\Player\PlayerAction</Filter>
    </ClCompile>
  </ItemGroup>
  <ItemGroup>
    <ClInclude Include="MainGame\paMainGame.h">
      <Filter>Main\MainGame</Filter>
    </ClInclude>
    <ClInclude Include="MainGame\TitleScene\paTitleScene.h">
      <Filter>Main\MainGame\TitleScene</Filter>
    </ClInclude>
    <ClInclude Include="MainGame\GameScene\paGameScene.h">
      <Filter>Main\MainGame\GameScene</Filter>
    </ClInclude>
    <ClInclude Include="MainGame\ResultScene\paResultScene.h">
      <Filter>Main\MainGame\ResultScene</Filter>
    </ClInclude>
    <ClInclude Include="MainGame\SceneDeletor\paSceneDeletor.h">
      <Filter>Main\MainGame\SceneDeletor</Filter>
    </ClInclude>
    <ClInclude Include="MainGame\SceneFactory\paSceneFactory.h">
      <Filter>Main\MainGame\SceneFactory</Filter>
    </ClInclude>
    <ClInclude Include="MainGame\DrawTask\paDrawTask.h">
      <Filter>Main\MainGame\DrawTask</Filter>
    </ClInclude>
    <ClInclude Include="MainGame\DrawTask\paDrawTaskManager.h">
      <Filter>Main\MainGame\DrawTask</Filter>
    </ClInclude>
    <ClInclude Include="MainGame\EventManager\paEventListener.h">
      <Filter>Main\MainGame\EventManager</Filter>
    </ClInclude>
    <ClInclude Include="MainGame\EventManager\paEventManager.h">
      <Filter>Main\MainGame\EventManager</Filter>
    </ClInclude>
    <ClInclude Include="MainGame\paCustomizeInput.h">
      <Filter>Main\MainGame</Filter>
    </ClInclude>
    <ClInclude Include="MainGame\paObjDrawingData.h">
      <Filter>Main\MainGame</Filter>
    </ClInclude>
    <ClInclude Include="MainGame\DrawingResrcDataFile\paDrawingResrcDataFile.h">
      <Filter>Main\MainGame\DrawingResrcDataFile</Filter>
    </ClInclude>
    <ClInclude Include="MainGame\paIObjectBase.h">
      <Filter>Main\MainGame</Filter>
    </ClInclude>
    <ClInclude Include="MainGame\TitleScene\TitleBackground\paTitleBackground.h">
      <Filter>Main\MainGame\TitleScene\TitleBackground</Filter>
    </ClInclude>
    <ClInclude Include="MainGame\TitleScene\TitleBackground\paTitleBackgroundAnime.h">
      <Filter>Main\MainGame\TitleScene\TitleBackground</Filter>
    </ClInclude>
    <ClInclude Include="MainGame\GameScene\Player\paPlayer.h">
      <Filter>Main\MainGame\GameScene\Player</Filter>
    </ClInclude>
    <ClInclude Include="MainGame\GameScene\Player\paPlayerCommonDeclaration.h">
      <Filter>Main\MainGame\GameScene\Player</Filter>
    </ClInclude>
    <ClInclude Include="MainGame\GameScene\Stage\paBasePoint.h">
      <Filter>Main\MainGame\GameScene\Stage</Filter>
    </ClInclude>
    <ClInclude Include="MainGame\GameScene\Stage\paStage.h">
      <Filter>Main\MainGame\GameScene\Stage</Filter>
    </ClInclude>
    <ClInclude Include="MainGame\GameScene\Stage\paStageObjBase.h">
      <Filter>Main\MainGame\GameScene\Stage</Filter>
    </ClInclude>
    <ClInclude Include="MainGame\GameScene\Stage\paIStageObjManager.h">
      <Filter>Main\MainGame\GameScene\Stage</Filter>
    </ClInclude>
    <ClInclude Include="MainGame\GameScene\Stage\StageBackground\paStageBackground.h">
      <Filter>Main\MainGame\GameScene\Stage\StageBackground</Filter>
    </ClInclude>
    <ClInclude Include="MainGame\GameScene\Stage\StageBackground\paStageBackgroundManager.h">
      <Filter>Main\MainGame\GameScene\Stage\StageBackground</Filter>
    </ClInclude>
    <ClInclude Include="MainGame\GameScene\UI\paIUI.h">
      <Filter>Main\MainGame\GameScene\UI</Filter>
    </ClInclude>
    <ClInclude Include="MainGame\GameScene\UI\paUIManager.h">
      <Filter>Main\MainGame\GameScene\UI</Filter>
    </ClInclude>
    <ClInclude Include="MainGame\GameScene\UI\EnergyGauge\paEnergyGauge.h">
      <Filter>Main\MainGame\GameScene\UI\EnergyGauge</Filter>
    </ClInclude>
    <ClInclude Include="MainGame\GameScene\UI\EnergyGauge\paGaugeEffect.h">
      <Filter>Main\MainGame\GameScene\UI\EnergyGauge</Filter>
    </ClInclude>
    <ClInclude Include="MainGame\GameScene\UI\EnergyGauge\paGaugeFlame.h">
      <Filter>Main\MainGame\GameScene\UI\EnergyGauge</Filter>
    </ClInclude>
    <ClInclude Include="MainGame\GameScene\UI\EnergyGauge\paGaugeTimer.h">
      <Filter>Main\MainGame\GameScene\UI\EnergyGauge</Filter>
    </ClInclude>
    <ClInclude Include="MainGame\GameScene\UI\EnergyGauge\EnergyBlock\paEnergyBlock.h">
      <Filter>Main\MainGame\GameScene\UI\EnergyGauge\EnergyBlock</Filter>
    </ClInclude>
    <ClInclude Include="MainGame\GameScene\UI\EnergyGauge\EnergyBlock\paEnergyEmptyBlock.h">
      <Filter>Main\MainGame\GameScene\UI\EnergyGauge\EnergyBlock</Filter>
    </ClInclude>
    <ClInclude Include="MainGame\GameScene\Stage\Fish\FishCreator\paFishCreator.h">
      <Filter>Main\MainGame\GameScene\Stage\Fish\FishCreator</Filter>
    </ClInclude>
    <ClInclude Include="MainGame\GameScene\Stage\Fish\FishShape\paFishShape.h">
      <Filter>Main\MainGame\GameScene\Stage\Fish\FIshShape</Filter>
    </ClInclude>
    <ClInclude Include="MainGame\GameScene\Stage\Fish\paFish.h">
      <Filter>Main\MainGame\GameScene\Stage\Fish</Filter>
    </ClInclude>
    <ClInclude Include="MainGame\GameScene\Stage\Fish\paFishManager.h">
      <Filter>Main\MainGame\GameScene\Stage\Fish</Filter>
    </ClInclude>
    <ClInclude Include="MainGame\GameScene\Stage\Fish\FishCreator\paFishShapeCreator.h">
      <Filter>Main\MainGame\GameScene\Stage\Fish\FishCreator</Filter>
    </ClInclude>
    <ClInclude Include="MainGame\GameScene\Collider\paColliderBase.h">
      <Filter>Main\MainGame\GameScene\Collider</Filter>
    </ClInclude>
    <ClInclude Include="MainGame\GameScene\Collider\paColliderManager.h">
      <Filter>Main\MainGame\GameScene\Collider</Filter>
    </ClInclude>
    <ClInclude Include="MainGame\GameScene\Player\paPlayerCollider.h">
      <Filter>Main\MainGame\GameScene\Player</Filter>
    </ClInclude>
    <ClInclude Include="MainGame\GameScene\Stage\Fish\FishCollider\paFishCollider.h">
      <Filter>Main\MainGame\GameScene\Stage\Fish\FishCollider</Filter>
    </ClInclude>
    <ClInclude Include="MainGame\GameScene\Stage\Fish\FishReaction\paBalloon.h">
      <Filter>Main\MainGame\GameScene\Stage\Fish\FishReaction</Filter>
    </ClInclude>
    <ClInclude Include="MainGame\GameScene\Stage\Fish\FishReaction\paFishReaction.h">
      <Filter>Main\MainGame\GameScene\Stage\Fish\FishReaction</Filter>
    </ClInclude>
    <ClInclude Include="MainGame\GameScene\Player\PlayerShape\paPlayerShape.h">
      <Filter>Main\MainGame\GameScene\Player\PlayerShape</Filter>
    </ClInclude>
    <ClInclude Include="MainGame\GameScene\Player\PlayerShape\paPlayerFishShell.h">
      <Filter>Main\MainGame\GameScene\Player\PlayerShape</Filter>
    </ClInclude>
    <ClInclude Include="MainGame\GameScene\Player\PlayerShape\paPlayerOriginalShape.h">
      <Filter>Main\MainGame\GameScene\Player\PlayerShape</Filter>
    </ClInclude>
    <ClInclude Include="MainGame\GameScene\Player\PlayerShape\paPlayerFishShapeLine.h">
      <Filter>Main\MainGame\GameScene\Player\PlayerShape</Filter>
    </ClInclude>
    <ClInclude Include="MainGame\GameScene\Stage\Fish\FishReaction\ReactionMark\paReactionMark.h">
      <Filter>Main\MainGame\GameScene\Stage\Fish\FishReaction\ReactionMark</Filter>
    </ClInclude>
    <ClInclude Include="MainGame\GameScene\Stage\Fish\FishReaction\ReactionMark\paReactionMarkFactory.h">
      <Filter>Main\MainGame\GameScene\Stage\Fish\FishReaction\ReactionMark</Filter>
    </ClInclude>
    <ClInclude Include="MainGame\GameScene\Stage\Fish\FishReaction\ReactionMark\paReactionMarkManager.h">
      <Filter>Main\MainGame\GameScene\Stage\Fish\FishReaction\ReactionMark</Filter>
    </ClInclude>
    <ClInclude Include="MainGame\GameScene\Stage\Fish\paFishCommonDeclaration.h">
      <Filter>Main\MainGame\GameScene\Stage\Fish</Filter>
    </ClInclude>
    <ClInclude Include="MainGame\GameScene\Stage\Fish\FishSpawnPoint\paFishSpawnPoint.h">
      <Filter>Main\MainGame\GameScene\Stage\Fish\FishSpawnPoint</Filter>
    </ClInclude>
    <ClInclude Include="MainGame\GameScene\Player\PlayerAction\paPlayerAction.h">
      <Filter>Main\MainGame\GameScene\Player\PlayerAction</Filter>
    </ClInclude>
    <ClInclude Include="MainGame\GameScene\Player\PlayerAction\paPlayerFishAction.h">
      <Filter>Main\MainGame\GameScene\Player\PlayerAction</Filter>
    </ClInclude>
    <ClInclude Include="MainGame\GameScene\Player\PlayerAction\paPlayerOriginalAction.h">
      <Filter>Main\MainGame\GameScene\Player\PlayerAction</Filter>
    </ClInclude>
    <ClInclude Include="paPlayerActionImplBase.h" />
    <ClInclude Include="MainGame\GameScene\Player\PlayerAction\paPlayerActionImplBase.h">
      <Filter>Main\MainGame\GameScene\Player\PlayerAction</Filter>
    </ClInclude>
  </ItemGroup>
</Project>